// !$*UTF8*$!
{
	archiveVersion = 1;
	classes = {
	};
	objectVersion = 56;
	objects = {

/* Begin PBXBuildFile section */
		05BACE082C2AD2130009DF75 /* LandmarksApp.swift in Sources */ = {isa = PBXBuildFile; fileRef = 05BACE072C2AD2130009DF75 /* LandmarksApp.swift */; };
		05BACE0A2C2AD2130009DF75 /* ContentView.swift in Sources */ = {isa = PBXBuildFile; fileRef = 05BACE092C2AD2130009DF75 /* ContentView.swift */; };
		05BACE0C2C2AD2150009DF75 /* Assets.xcassets in Resources */ = {isa = PBXBuildFile; fileRef = 05BACE0B2C2AD2150009DF75 /* Assets.xcassets */; };
		05BACE0F2C2AD2150009DF75 /* Preview Assets.xcassets in Resources */ = {isa = PBXBuildFile; fileRef = 05BACE0E2C2AD2150009DF75 /* Preview Assets.xcassets */; };
		05BACE192C2AD2150009DF75 /* LandmarksTests.swift in Sources */ = {isa = PBXBuildFile; fileRef = 05BACE182C2AD2150009DF75 /* LandmarksTests.swift */; };
		05BACE232C2AD2150009DF75 /* LandmarksUITests.swift in Sources */ = {isa = PBXBuildFile; fileRef = 05BACE222C2AD2150009DF75 /* LandmarksUITests.swift */; };
		05BACE252C2AD2150009DF75 /* LandmarksUITestsLaunchTests.swift in Sources */ = {isa = PBXBuildFile; fileRef = 05BACE242C2AD2150009DF75 /* LandmarksUITestsLaunchTests.swift */; };
		05BACE682C2B292A0009DF75 /* SwiftUIView.swift in Sources */ = {isa = PBXBuildFile; fileRef = 05BACE672C2B292A0009DF75 /* SwiftUIView.swift */; };
		05BACE6C2C2B34800009DF75 /* formationSelectorView.swift in Sources */ = {isa = PBXBuildFile; fileRef = 05BACE6B2C2B34800009DF75 /* formationSelectorView.swift */; };
		05BACE6E2C2D468E0009DF75 /* contentViewDiv.swift in Sources */ = {isa = PBXBuildFile; fileRef = 05BACE6D2C2D468E0009DF75 /* contentViewDiv.swift */; };
		05BACE702C2D51580009DF75 /* FormationSelectorDiv.swift in Sources */ = {isa = PBXBuildFile; fileRef = 05BACE6F2C2D51580009DF75 /* FormationSelectorDiv.swift */; };
/* End PBXBuildFile section */

/* Begin PBXContainerItemProxy section */
		05BACE152C2AD2150009DF75 /* PBXContainerItemProxy */ = {
			isa = PBXContainerItemProxy;
			containerPortal = 05BACDFC2C2AD2130009DF75 /* Project object */;
			proxyType = 1;
			remoteGlobalIDString = 05BACE032C2AD2130009DF75;
			remoteInfo = Landmarks;
		};
		05BACE1F2C2AD2150009DF75 /* PBXContainerItemProxy */ = {
			isa = PBXContainerItemProxy;
			containerPortal = 05BACDFC2C2AD2130009DF75 /* Project object */;
			proxyType = 1;
			remoteGlobalIDString = 05BACE032C2AD2130009DF75;
			remoteInfo = Landmarks;
		};
/* End PBXContainerItemProxy section */

/* Begin PBXFileReference section */
		05BACE042C2AD2130009DF75 /* Landmarks.app */ = {isa = PBXFileReference; explicitFileType = wrapper.application; includeInIndex = 0; path = Landmarks.app; sourceTree = BUILT_PRODUCTS_DIR; };
		05BACE072C2AD2130009DF75 /* LandmarksApp.swift */ = {isa = PBXFileReference; lastKnownFileType = sourcecode.swift; path = LandmarksApp.swift; sourceTree = "<group>"; };
		05BACE092C2AD2130009DF75 /* ContentView.swift */ = {isa = PBXFileReference; lastKnownFileType = sourcecode.swift; path = ContentView.swift; sourceTree = "<group>"; };
		05BACE0B2C2AD2150009DF75 /* Assets.xcassets */ = {isa = PBXFileReference; lastKnownFileType = folder.assetcatalog; path = Assets.xcassets; sourceTree = "<group>"; };
		05BACE0E2C2AD2150009DF75 /* Preview Assets.xcassets */ = {isa = PBXFileReference; lastKnownFileType = folder.assetcatalog; path = "Preview Assets.xcassets"; sourceTree = "<group>"; };
		05BACE142C2AD2150009DF75 /* LandmarksTests.xctest */ = {isa = PBXFileReference; explicitFileType = wrapper.cfbundle; includeInIndex = 0; path = LandmarksTests.xctest; sourceTree = BUILT_PRODUCTS_DIR; };
		05BACE182C2AD2150009DF75 /* LandmarksTests.swift */ = {isa = PBXFileReference; lastKnownFileType = sourcecode.swift; path = LandmarksTests.swift; sourceTree = "<group>"; };
		05BACE1E2C2AD2150009DF75 /* LandmarksUITests.xctest */ = {isa = PBXFileReference; explicitFileType = wrapper.cfbundle; includeInIndex = 0; path = LandmarksUITests.xctest; sourceTree = BUILT_PRODUCTS_DIR; };
		05BACE222C2AD2150009DF75 /* LandmarksUITests.swift */ = {isa = PBXFileReference; lastKnownFileType = sourcecode.swift; path = LandmarksUITests.swift; sourceTree = "<group>"; };
		05BACE242C2AD2150009DF75 /* LandmarksUITestsLaunchTests.swift */ = {isa = PBXFileReference; lastKnownFileType = sourcecode.swift; path = LandmarksUITestsLaunchTests.swift; sourceTree = "<group>"; };
		05BACE672C2B292A0009DF75 /* SwiftUIView.swift */ = {isa = PBXFileReference; lastKnownFileType = sourcecode.swift; path = SwiftUIView.swift; sourceTree = "<group>"; };
		05BACE6B2C2B34800009DF75 /* formationSelectorView.swift */ = {isa = PBXFileReference; lastKnownFileType = sourcecode.swift; path = formationSelectorView.swift; sourceTree = "<group>"; };
		05BACE6D2C2D468E0009DF75 /* contentViewDiv.swift */ = {isa = PBXFileReference; lastKnownFileType = sourcecode.swift; path = contentViewDiv.swift; sourceTree = "<group>"; };
		05BACE6F2C2D51580009DF75 /* FormationSelectorDiv.swift */ = {isa = PBXFileReference; lastKnownFileType = sourcecode.swift; path = FormationSelectorDiv.swift; sourceTree = "<group>"; };
/* End PBXFileReference section */

/* Begin PBXFrameworksBuildPhase section */
		05BACE012C2AD2130009DF75 /* Frameworks */ = {
			isa = PBXFrameworksBuildPhase;
			buildActionMask = 2147483647;
			files = (
			);
			runOnlyForDeploymentPostprocessing = 0;
		};
		05BACE112C2AD2150009DF75 /* Frameworks */ = {
			isa = PBXFrameworksBuildPhase;
			buildActionMask = 2147483647;
			files = (
			);
			runOnlyForDeploymentPostprocessing = 0;
		};
		05BACE1B2C2AD2150009DF75 /* Frameworks */ = {
			isa = PBXFrameworksBuildPhase;
			buildActionMask = 2147483647;
			files = (
			);
			runOnlyForDeploymentPostprocessing = 0;
		};
/* End PBXFrameworksBuildPhase section */

/* Begin PBXGroup section */
		05BACDFB2C2AD2130009DF75 = {
			isa = PBXGroup;
			children = (
				05BACE062C2AD2130009DF75 /* Landmarks */,
				05BACE172C2AD2150009DF75 /* LandmarksTests */,
				05BACE212C2AD2150009DF75 /* LandmarksUITests */,
				05BACE052C2AD2130009DF75 /* Products */,
			);
			sourceTree = "<group>";
		};
		05BACE052C2AD2130009DF75 /* Products */ = {
			isa = PBXGroup;
			children = (
				05BACE042C2AD2130009DF75 /* Landmarks.app */,
				05BACE142C2AD2150009DF75 /* LandmarksTests.xctest */,
				05BACE1E2C2AD2150009DF75 /* LandmarksUITests.xctest */,
			);
			name = Products;
			sourceTree = "<group>";
		};
		05BACE062C2AD2130009DF75 /* Landmarks */ = {
			isa = PBXGroup;
			children = (
				05BACE072C2AD2130009DF75 /* LandmarksApp.swift */,
				05BACE092C2AD2130009DF75 /* ContentView.swift */,
				05BACE6F2C2D51580009DF75 /* FormationSelectorDiv.swift */,
				05BACE6D2C2D468E0009DF75 /* contentViewDiv.swift */,
				05BACE6B2C2B34800009DF75 /* formationSelectorView.swift */,
				05BACE0B2C2AD2150009DF75 /* Assets.xcassets */,
				05BACE672C2B292A0009DF75 /* SwiftUIView.swift */,
				05BACE0D2C2AD2150009DF75 /* Preview Content */,
			);
			path = Landmarks;
			sourceTree = "<group>";
		};
		05BACE0D2C2AD2150009DF75 /* Preview Content */ = {
			isa = PBXGroup;
			children = (
				05BACE0E2C2AD2150009DF75 /* Preview Assets.xcassets */,
			);
			path = "Preview Content";
			sourceTree = "<group>";
		};
		05BACE172C2AD2150009DF75 /* LandmarksTests */ = {
			isa = PBXGroup;
			children = (
				05BACE182C2AD2150009DF75 /* LandmarksTests.swift */,
			);
			path = LandmarksTests;
			sourceTree = "<group>";
		};
		05BACE212C2AD2150009DF75 /* LandmarksUITests */ = {
			isa = PBXGroup;
			children = (
				05BACE222C2AD2150009DF75 /* LandmarksUITests.swift */,
				05BACE242C2AD2150009DF75 /* LandmarksUITestsLaunchTests.swift */,
			);
			path = LandmarksUITests;
			sourceTree = "<group>";
		};
/* End PBXGroup section */

/* Begin PBXNativeTarget section */
		05BACE032C2AD2130009DF75 /* Landmarks */ = {
			isa = PBXNativeTarget;
			buildConfigurationList = 05BACE282C2AD2150009DF75 /* Build configuration list for PBXNativeTarget "Landmarks" */;
			buildPhases = (
				05BACE002C2AD2130009DF75 /* Sources */,
				05BACE012C2AD2130009DF75 /* Frameworks */,
				05BACE022C2AD2130009DF75 /* Resources */,
			);
			buildRules = (
			);
			dependencies = (
			);
			name = Landmarks;
			productName = Landmarks;
			productReference = 05BACE042C2AD2130009DF75 /* Landmarks.app */;
			productType = "com.apple.product-type.application";
		};
		05BACE132C2AD2150009DF75 /* LandmarksTests */ = {
			isa = PBXNativeTarget;
			buildConfigurationList = 05BACE2B2C2AD2150009DF75 /* Build configuration list for PBXNativeTarget "LandmarksTests" */;
			buildPhases = (
				05BACE102C2AD2150009DF75 /* Sources */,
				05BACE112C2AD2150009DF75 /* Frameworks */,
				05BACE122C2AD2150009DF75 /* Resources */,
			);
			buildRules = (
			);
			dependencies = (
				05BACE162C2AD2150009DF75 /* PBXTargetDependency */,
			);
			name = LandmarksTests;
			productName = LandmarksTests;
			productReference = 05BACE142C2AD2150009DF75 /* LandmarksTests.xctest */;
			productType = "com.apple.product-type.bundle.unit-test";
		};
		05BACE1D2C2AD2150009DF75 /* LandmarksUITests */ = {
			isa = PBXNativeTarget;
			buildConfigurationList = 05BACE2E2C2AD2150009DF75 /* Build configuration list for PBXNativeTarget "LandmarksUITests" */;
			buildPhases = (
				05BACE1A2C2AD2150009DF75 /* Sources */,
				05BACE1B2C2AD2150009DF75 /* Frameworks */,
				05BACE1C2C2AD2150009DF75 /* Resources */,
			);
			buildRules = (
			);
			dependencies = (
				05BACE202C2AD2150009DF75 /* PBXTargetDependency */,
			);
			name = LandmarksUITests;
			productName = LandmarksUITests;
			productReference = 05BACE1E2C2AD2150009DF75 /* LandmarksUITests.xctest */;
			productType = "com.apple.product-type.bundle.ui-testing";
		};
/* End PBXNativeTarget section */

/* Begin PBXProject section */
		05BACDFC2C2AD2130009DF75 /* Project object */ = {
			isa = PBXProject;
			attributes = {
				BuildIndependentTargetsInParallel = 1;
				LastSwiftUpdateCheck = 1540;
				LastUpgradeCheck = 1540;
				TargetAttributes = {
					05BACE032C2AD2130009DF75 = {
						CreatedOnToolsVersion = 15.4;
					};
					05BACE132C2AD2150009DF75 = {
						CreatedOnToolsVersion = 15.4;
						TestTargetID = 05BACE032C2AD2130009DF75;
					};
					05BACE1D2C2AD2150009DF75 = {
						CreatedOnToolsVersion = 15.4;
						TestTargetID = 05BACE032C2AD2130009DF75;
					};
				};
			};
			buildConfigurationList = 05BACDFF2C2AD2130009DF75 /* Build configuration list for PBXProject "Landmarks" */;
			compatibilityVersion = "Xcode 14.0";
			developmentRegion = en;
			hasScannedForEncodings = 0;
			knownRegions = (
				en,
				Base,
			);
			mainGroup = 05BACDFB2C2AD2130009DF75;
			productRefGroup = 05BACE052C2AD2130009DF75 /* Products */;
			projectDirPath = "";
			projectRoot = "";
			targets = (
				05BACE032C2AD2130009DF75 /* Landmarks */,
				05BACE132C2AD2150009DF75 /* LandmarksTests */,
				05BACE1D2C2AD2150009DF75 /* LandmarksUITests */,
			);
		};
/* End PBXProject section */

/* Begin PBXResourcesBuildPhase section */
		05BACE022C2AD2130009DF75 /* Resources */ = {
			isa = PBXResourcesBuildPhase;
			buildActionMask = 2147483647;
			files = (
				05BACE0F2C2AD2150009DF75 /* Preview Assets.xcassets in Resources */,
				05BACE0C2C2AD2150009DF75 /* Assets.xcassets in Resources */,
			);
			runOnlyForDeploymentPostprocessing = 0;
		};
		05BACE122C2AD2150009DF75 /* Resources */ = {
			isa = PBXResourcesBuildPhase;
			buildActionMask = 2147483647;
			files = (
			);
			runOnlyForDeploymentPostprocessing = 0;
		};
		05BACE1C2C2AD2150009DF75 /* Resources */ = {
			isa = PBXResourcesBuildPhase;
			buildActionMask = 2147483647;
			files = (
			);
			runOnlyForDeploymentPostprocessing = 0;
		};
/* End PBXResourcesBuildPhase section */

/* Begin PBXSourcesBuildPhase section */
		05BACE002C2AD2130009DF75 /* Sources */ = {
			isa = PBXSourcesBuildPhase;
			buildActionMask = 2147483647;
			files = (
				05BACE0A2C2AD2130009DF75 /* ContentView.swift in Sources */,
				05BACE6C2C2B34800009DF75 /* formationSelectorView.swift in Sources */,
				05BACE702C2D51580009DF75 /* FormationSelectorDiv.swift in Sources */,
				05BACE082C2AD2130009DF75 /* LandmarksApp.swift in Sources */,
				05BACE6E2C2D468E0009DF75 /* contentViewDiv.swift in Sources */,
				05BACE682C2B292A0009DF75 /* SwiftUIView.swift in Sources */,
			);
			runOnlyForDeploymentPostprocessing = 0;
		};
		05BACE102C2AD2150009DF75 /* Sources */ = {
			isa = PBXSourcesBuildPhase;
			buildActionMask = 2147483647;
			files = (
				05BACE192C2AD2150009DF75 /* LandmarksTests.swift in Sources */,
			);
			runOnlyForDeploymentPostprocessing = 0;
		};
		05BACE1A2C2AD2150009DF75 /* Sources */ = {
			isa = PBXSourcesBuildPhase;
			buildActionMask = 2147483647;
			files = (
				05BACE252C2AD2150009DF75 /* LandmarksUITestsLaunchTests.swift in Sources */,
				05BACE232C2AD2150009DF75 /* LandmarksUITests.swift in Sources */,
			);
			runOnlyForDeploymentPostprocessing = 0;
		};
/* End PBXSourcesBuildPhase section */

/* Begin PBXTargetDependency section */
		05BACE162C2AD2150009DF75 /* PBXTargetDependency */ = {
			isa = PBXTargetDependency;
			target = 05BACE032C2AD2130009DF75 /* Landmarks */;
			targetProxy = 05BACE152C2AD2150009DF75 /* PBXContainerItemProxy */;
		};
		05BACE202C2AD2150009DF75 /* PBXTargetDependency */ = {
			isa = PBXTargetDependency;
			target = 05BACE032C2AD2130009DF75 /* Landmarks */;
			targetProxy = 05BACE1F2C2AD2150009DF75 /* PBXContainerItemProxy */;
		};
/* End PBXTargetDependency section */

/* Begin XCBuildConfiguration section */
		05BACE262C2AD2150009DF75 /* Debug */ = {
			isa = XCBuildConfiguration;
			buildSettings = {
				ALWAYS_SEARCH_USER_PATHS = NO;
				ASSETCATALOG_COMPILER_GENERATE_SWIFT_ASSET_SYMBOL_EXTENSIONS = YES;
				CLANG_ANALYZER_NONNULL = YES;
				CLANG_ANALYZER_NUMBER_OBJECT_CONVERSION = YES_AGGRESSIVE;
				CLANG_CXX_LANGUAGE_STANDARD = "gnu++20";
				CLANG_ENABLE_MODULES = YES;
				CLANG_ENABLE_OBJC_ARC = YES;
				CLANG_ENABLE_OBJC_WEAK = YES;
				CLANG_WARN_BLOCK_CAPTURE_AUTORELEASING = YES;
				CLANG_WARN_BOOL_CONVERSION = YES;
				CLANG_WARN_COMMA = YES;
				CLANG_WARN_CONSTANT_CONVERSION = YES;
				CLANG_WARN_DEPRECATED_OBJC_IMPLEMENTATIONS = YES;
				CLANG_WARN_DIRECT_OBJC_ISA_USAGE = YES_ERROR;
				CLANG_WARN_DOCUMENTATION_COMMENTS = YES;
				CLANG_WARN_EMPTY_BODY = YES;
				CLANG_WARN_ENUM_CONVERSION = YES;
				CLANG_WARN_INFINITE_RECURSION = YES;
				CLANG_WARN_INT_CONVERSION = YES;
				CLANG_WARN_NON_LITERAL_NULL_CONVERSION = YES;
				CLANG_WARN_OBJC_IMPLICIT_RETAIN_SELF = YES;
				CLANG_WARN_OBJC_LITERAL_CONVERSION = YES;
				CLANG_WARN_OBJC_ROOT_CLASS = YES_ERROR;
				CLANG_WARN_QUOTED_INCLUDE_IN_FRAMEWORK_HEADER = YES;
				CLANG_WARN_RANGE_LOOP_ANALYSIS = YES;
				CLANG_WARN_STRICT_PROTOTYPES = YES;
				CLANG_WARN_SUSPICIOUS_MOVE = YES;
				CLANG_WARN_UNGUARDED_AVAILABILITY = YES_AGGRESSIVE;
				CLANG_WARN_UNREACHABLE_CODE = YES;
				CLANG_WARN__DUPLICATE_METHOD_MATCH = YES;
				COPY_PHASE_STRIP = NO;
				DEBUG_INFORMATION_FORMAT = dwarf;
				ENABLE_STRICT_OBJC_MSGSEND = YES;
				ENABLE_TESTABILITY = YES;
				ENABLE_USER_SCRIPT_SANDBOXING = YES;
				GCC_C_LANGUAGE_STANDARD = gnu17;
				GCC_DYNAMIC_NO_PIC = NO;
				GCC_NO_COMMON_BLOCKS = YES;
				GCC_OPTIMIZATION_LEVEL = 0;
				GCC_PREPROCESSOR_DEFINITIONS = (
					"DEBUG=1",
					"$(inherited)",
				);
				GCC_WARN_64_TO_32_BIT_CONVERSION = YES;
				GCC_WARN_ABOUT_RETURN_TYPE = YES_ERROR;
				GCC_WARN_UNDECLARED_SELECTOR = YES;
				GCC_WARN_UNINITIALIZED_AUTOS = YES_AGGRESSIVE;
				GCC_WARN_UNUSED_FUNCTION = YES;
				GCC_WARN_UNUSED_VARIABLE = YES;
				IPHONEOS_DEPLOYMENT_TARGET = 17.5;
				LOCALIZATION_PREFERS_STRING_CATALOGS = YES;
				MTL_ENABLE_DEBUG_INFO = INCLUDE_SOURCE;
				MTL_FAST_MATH = YES;
				ONLY_ACTIVE_ARCH = YES;
				SDKROOT = iphoneos;
				SWIFT_ACTIVE_COMPILATION_CONDITIONS = "DEBUG $(inherited)";
				SWIFT_OPTIMIZATION_LEVEL = "-Onone";
			};
			name = Debug;
		};
		05BACE272C2AD2150009DF75 /* Release */ = {
			isa = XCBuildConfiguration;
			buildSettings = {
				ALWAYS_SEARCH_USER_PATHS = NO;
				ASSETCATALOG_COMPILER_GENERATE_SWIFT_ASSET_SYMBOL_EXTENSIONS = YES;
				CLANG_ANALYZER_NONNULL = YES;
				CLANG_ANALYZER_NUMBER_OBJECT_CONVERSION = YES_AGGRESSIVE;
				CLANG_CXX_LANGUAGE_STANDARD = "gnu++20";
				CLANG_ENABLE_MODULES = YES;
				CLANG_ENABLE_OBJC_ARC = YES;
				CLANG_ENABLE_OBJC_WEAK = YES;
				CLANG_WARN_BLOCK_CAPTURE_AUTORELEASING = YES;
				CLANG_WARN_BOOL_CONVERSION = YES;
				CLANG_WARN_COMMA = YES;
				CLANG_WARN_CONSTANT_CONVERSION = YES;
				CLANG_WARN_DEPRECATED_OBJC_IMPLEMENTATIONS = YES;
				CLANG_WARN_DIRECT_OBJC_ISA_USAGE = YES_ERROR;
				CLANG_WARN_DOCUMENTATION_COMMENTS = YES;
				CLANG_WARN_EMPTY_BODY = YES;
				CLANG_WARN_ENUM_CONVERSION = YES;
				CLANG_WARN_INFINITE_RECURSION = YES;
				CLANG_WARN_INT_CONVERSION = YES;
				CLANG_WARN_NON_LITERAL_NULL_CONVERSION = YES;
				CLANG_WARN_OBJC_IMPLICIT_RETAIN_SELF = YES;
				CLANG_WARN_OBJC_LITERAL_CONVERSION = YES;
				CLANG_WARN_OBJC_ROOT_CLASS = YES_ERROR;
				CLANG_WARN_QUOTED_INCLUDE_IN_FRAMEWORK_HEADER = YES;
				CLANG_WARN_RANGE_LOOP_ANALYSIS = YES;
				CLANG_WARN_STRICT_PROTOTYPES = YES;
				CLANG_WARN_SUSPICIOUS_MOVE = YES;
				CLANG_WARN_UNGUARDED_AVAILABILITY = YES_AGGRESSIVE;
				CLANG_WARN_UNREACHABLE_CODE = YES;
				CLANG_WARN__DUPLICATE_METHOD_MATCH = YES;
				COPY_PHASE_STRIP = NO;
				DEBUG_INFORMATION_FORMAT = "dwarf-with-dsym";
				ENABLE_NS_ASSERTIONS = NO;
				ENABLE_STRICT_OBJC_MSGSEND = YES;
				ENABLE_USER_SCRIPT_SANDBOXING = YES;
				GCC_C_LANGUAGE_STANDARD = gnu17;
				GCC_NO_COMMON_BLOCKS = YES;
				GCC_WARN_64_TO_32_BIT_CONVERSION = YES;
				GCC_WARN_ABOUT_RETURN_TYPE = YES_ERROR;
				GCC_WARN_UNDECLARED_SELECTOR = YES;
				GCC_WARN_UNINITIALIZED_AUTOS = YES_AGGRESSIVE;
				GCC_WARN_UNUSED_FUNCTION = YES;
				GCC_WARN_UNUSED_VARIABLE = YES;
				IPHONEOS_DEPLOYMENT_TARGET = 17.5;
				LOCALIZATION_PREFERS_STRING_CATALOGS = YES;
				MTL_ENABLE_DEBUG_INFO = NO;
				MTL_FAST_MATH = YES;
				SDKROOT = iphoneos;
				SWIFT_COMPILATION_MODE = wholemodule;
				VALIDATE_PRODUCT = YES;
			};
			name = Release;
		};
		05BACE292C2AD2150009DF75 /* Debug */ = {
			isa = XCBuildConfiguration;
			buildSettings = {
				ASSETCATALOG_COMPILER_APPICON_NAME = AppIcon;
				ASSETCATALOG_COMPILER_GLOBAL_ACCENT_COLOR_NAME = AccentColor;
				CODE_SIGN_STYLE = Automatic;
				CURRENT_PROJECT_VERSION = 1;
				DEVELOPMENT_ASSET_PATHS = "\"Landmarks/Preview Content\"";
				ENABLE_PREVIEWS = YES;
				GENERATE_INFOPLIST_FILE = YES;
				INFOPLIST_KEY_UIApplicationSceneManifest_Generation = YES;
				INFOPLIST_KEY_UIApplicationSupportsIndirectInputEvents = YES;
				INFOPLIST_KEY_UILaunchScreen_Generation = YES;
				INFOPLIST_KEY_UISupportedInterfaceOrientations_iPad = "UIInterfaceOrientationPortrait UIInterfaceOrientationPortraitUpsideDown UIInterfaceOrientationLandscapeLeft UIInterfaceOrientationLandscapeRight";
				INFOPLIST_KEY_UISupportedInterfaceOrientations_iPhone = "UIInterfaceOrientationPortrait UIInterfaceOrientationLandscapeLeft UIInterfaceOrientationLandscapeRight";
				LD_RUNPATH_SEARCH_PATHS = (
					"$(inherited)",
					"@executable_path/Frameworks",
				);
				MARKETING_VERSION = 1.0;
				PRODUCT_BUNDLE_IDENTIFIER = personal.Landmarks;
				PRODUCT_NAME = "$(TARGET_NAME)";
				SWIFT_EMIT_LOC_STRINGS = YES;
				SWIFT_VERSION = 5.0;
				TARGETED_DEVICE_FAMILY = "1,2";
			};
			name = Debug;
		};
		05BACE2A2C2AD2150009DF75 /* Release */ = {
			isa = XCBuildConfiguration;
			buildSettings = {
				ASSETCATALOG_COMPILER_APPICON_NAME = AppIcon;
				ASSETCATALOG_COMPILER_GLOBAL_ACCENT_COLOR_NAME = AccentColor;
				CODE_SIGN_STYLE = Automatic;
				CURRENT_PROJECT_VERSION = 1;
				DEVELOPMENT_ASSET_PATHS = "\"Landmarks/Preview Content\"";
				ENABLE_PREVIEWS = YES;
				GENERATE_INFOPLIST_FILE = YES;
				INFOPLIST_KEY_UIApplicationSceneManifest_Generation = YES;
				INFOPLIST_KEY_UIApplicationSupportsIndirectInputEvents = YES;
				INFOPLIST_KEY_UILaunchScreen_Generation = YES;
				INFOPLIST_KEY_UISupportedInterfaceOrientations_iPad = "UIInterfaceOrientationPortrait UIInterfaceOrientationPortraitUpsideDown UIInterfaceOrientationLandscapeLeft UIInterfaceOrientationLandscapeRight";
				INFOPLIST_KEY_UISupportedInterfaceOrientations_iPhone = "UIInterfaceOrientationPortrait UIInterfaceOrientationLandscapeLeft UIInterfaceOrientationLandscapeRight";
				LD_RUNPATH_SEARCH_PATHS = (
					"$(inherited)",
					"@executable_path/Frameworks",
				);
				MARKETING_VERSION = 1.0;
				PRODUCT_BUNDLE_IDENTIFIER = personal.Landmarks;
				PRODUCT_NAME = "$(TARGET_NAME)";
				SWIFT_EMIT_LOC_STRINGS = YES;
				SWIFT_VERSION = 5.0;
				TARGETED_DEVICE_FAMILY = "1,2";
			};
			name = Release;
		};
		05BACE2C2C2AD2150009DF75 /* Debug */ = {
			isa = XCBuildConfiguration;
			buildSettings = {
				ALWAYS_EMBED_SWIFT_STANDARD_LIBRARIES = YES;
				BUNDLE_LOADER = "$(TEST_HOST)";
				CODE_SIGN_STYLE = Automatic;
				CURRENT_PROJECT_VERSION = 1;
				GENERATE_INFOPLIST_FILE = YES;
				IPHONEOS_DEPLOYMENT_TARGET = 17.5;
				MARKETING_VERSION = 1.0;
				PRODUCT_BUNDLE_IDENTIFIER = personal.LandmarksTests;
				PRODUCT_NAME = "$(TARGET_NAME)";
				SWIFT_EMIT_LOC_STRINGS = NO;
				SWIFT_VERSION = 5.0;
				TARGETED_DEVICE_FAMILY = "1,2";
				TEST_HOST = "$(BUILT_PRODUCTS_DIR)/Landmarks.app/$(BUNDLE_EXECUTABLE_FOLDER_PATH)/Landmarks";
			};
			name = Debug;
		};
		05BACE2D2C2AD2150009DF75 /* Release */ = {
			isa = XCBuildConfiguration;
			buildSettings = {
				ALWAYS_EMBED_SWIFT_STANDARD_LIBRARIES = YES;
				BUNDLE_LOADER = "$(TEST_HOST)";
				CODE_SIGN_STYLE = Automatic;
				CURRENT_PROJECT_VERSION = 1;
				GENERATE_INFOPLIST_FILE = YES;
				IPHONEOS_DEPLOYMENT_TARGET = 17.5;
				MARKETING_VERSION = 1.0;
				PRODUCT_BUNDLE_IDENTIFIER = personal.LandmarksTests;
				PRODUCT_NAME = "$(TARGET_NAME)";
				SWIFT_EMIT_LOC_STRINGS = NO;
				SWIFT_VERSION = 5.0;
				TARGETED_DEVICE_FAMILY = "1,2";
				TEST_HOST = "$(BUILT_PRODUCTS_DIR)/Landmarks.app/$(BUNDLE_EXECUTABLE_FOLDER_PATH)/Landmarks";
			};
			name = Release;
		};
		05BACE2F2C2AD2150009DF75 /* Debug */ = {
			isa = XCBuildConfiguration;
			buildSettings = {
				ALWAYS_EMBED_SWIFT_STANDARD_LIBRARIES = YES;
				CODE_SIGN_STYLE = Automatic;
				CURRENT_PROJECT_VERSION = 1;
				GENERATE_INFOPLIST_FILE = YES;
				MARKETING_VERSION = 1.0;
				PRODUCT_BUNDLE_IDENTIFIER = personal.LandmarksUITests;
				PRODUCT_NAME = "$(TARGET_NAME)";
				SWIFT_EMIT_LOC_STRINGS = NO;
				SWIFT_VERSION = 5.0;
				TARGETED_DEVICE_FAMILY = "1,2";
				TEST_TARGET_NAME = Landmarks;
			};
			name = Debug;
		};
		05BACE302C2AD2150009DF75 /* Release */ = {
			isa = XCBuildConfiguration;
			buildSettings = {
				ALWAYS_EMBED_SWIFT_STANDARD_LIBRARIES = YES;
				CODE_SIGN_STYLE = Automatic;
				CURRENT_PROJECT_VERSION = 1;
				GENERATE_INFOPLIST_FILE = YES;
				MARKETING_VERSION = 1.0;
				PRODUCT_BUNDLE_IDENTIFIER = personal.LandmarksUITests;
				PRODUCT_NAME = "$(TARGET_NAME)";
				SWIFT_EMIT_LOC_STRINGS = NO;
				SWIFT_VERSION = 5.0;
				TARGETED_DEVICE_FAMILY = "1,2";
				TEST_TARGET_NAME = Landmarks;
			};
			name = Release;
		};
/* End XCBuildConfiguration section */

/* Begin XCConfigurationList section */
		05BACDFF2C2AD2130009DF75 /* Build configuration list for PBXProject "Landmarks" */ = {
			isa = XCConfigurationList;
			buildConfigurations = (
				05BACE262C2AD2150009DF75 /* Debug */,
				05BACE272C2AD2150009DF75 /* Release */,
			);
			defaultConfigurationIsVisible = 0;
			defaultConfigurationName = Release;
		};
		05BACE282C2AD2150009DF75 /* Build configuration list for PBXNativeTarget "Landmarks" */ = {
			isa = XCConfigurationList;
			buildConfigurations = (
				05BACE292C2AD2150009DF75 /* Debug */,
				05BACE2A2C2AD2150009DF75 /* Release */,
			);
			defaultConfigurationIsVisible = 0;
			defaultConfigurationName = Release;
		};
		05BACE2B2C2AD2150009DF75 /* Build configuration list for PBXNativeTarget "LandmarksTests" */ = {
			isa = XCConfigurationList;
			buildConfigurations = (
				05BACE2C2C2AD2150009DF75 /* Debug */,
				05BACE2D2C2AD2150009DF75 /* Release */,
			);
			defaultConfigurationIsVisible = 0;
			defaultConfigurationName = Release;
		};
		05BACE2E2C2AD2150009DF75 /* Build configuration list for PBXNativeTarget "LandmarksUITests" */ = {
			isa = XCConfigurationList;
			buildConfigurations = (
				05BACE2F2C2AD2150009DF75 /* Debug */,
				05BACE302C2AD2150009DF75 /* Release */,
			);
			defaultConfigurationIsVisible = 0;
			defaultConfigurationName = Release;
		};
/* End XCConfigurationList section */
	};
	rootObject = 05BACDFC2C2AD2130009DF75 /* Project object */;
}
